
Microsoft Visual Studio Solution File, Format Version 12.00
# Visual Studio Version 17
VisualStudioVersion = 17.3.32811.315
MinimumVisualStudioVersion = 10.0.40219.1
Project("{FAE04EC0-301F-11D3-BF4B-00C04F79EFBC}") = "lista11", "lista11\lista11.csproj", "{64DE2840-1CAF-40E4-B64F-6E28A2C4FDFF}"
EndProject
Global
	GlobalSection(SolutionConfigurationPlatforms) = preSolution
		Debug|Any CPU = Debug|Any CPU
		Release|Any CPU = Release|Any CPU
	EndGlobalSection
	GlobalSection(ProjectConfigurationPlatforms) = postSolution
		{64DE2840-1CAF-40E4-B64F-6E28A2C4FDFF}.Debug|Any CPU.ActiveCfg = Debug|Any CPU
		{64DE2840-1CAF-40E4-B64F-6E28A2C4FDFF}.Debug|Any CPU.Build.0 = Debug|Any CPU
		{64DE2840-1CAF-40E4-B64F-6E28A2C4FDFF}.Release|Any CPU.ActiveCfg = Release|Any CPU
		{64DE2840-1CAF-40E4-B64F-6E28A2C4FDFF}.Release|Any CPU.Build.0 = Release|Any CPU
	EndGlobalSection
	GlobalSection(SolutionProperties) = preSolution
		HideSolutionNode = FALSE
	EndGlobalSection
	GlobalSection(ExtensibilityGlobals) = postSolution
		SolutionGuid = {A6CA6D53-A562-40D6-83EE-B310E91A4A1A}
	EndGlobalSection
EndGlobal
